{
  "name": "pw-service-proxy-handlers",
  "version": "0.9.3",
  "lockfileVersion": 1,
  "requires": true,
  "dependencies": {
    "extended-buffer": {
      "version": "4.0.3",
      "resolved": "https://registry.npmjs.org/extended-buffer/-/extended-buffer-4.0.3.tgz",
      "integrity": "sha512-5H8ecIaMR6ynt366VPfqVCinM58YGQyTy0ZXUSljEy5Duf96PtzeMZwmnCb4959UCgndL1hdG4kmsExvF65BPQ=="
    },
    "lodash": {
      "version": "4.17.10",
      "resolved": "https://registry.npmjs.org/lodash/-/lodash-4.17.10.tgz",
      "integrity": "sha512-UejweD1pDoXu+AD825lWwp4ZGtSwgnpZxb3JDViD7StjQz+Nb/6l093lx4OQ0foGWNRoc19mWy7BzL+UAK2iVg=="
    },
    "pw-buffer": {
      "version": "0.2.2",
      "resolved": "https://registry.npmjs.org/pw-buffer/-/pw-buffer-0.2.2.tgz",
      "integrity": "sha512-i3SB6sEZjsIOeCakvE/AaKNGm24UZVt7rVe0hmga1a5YT3NUtTO7lOZ4Tqv5dU4BWnFUaJYUV7+dRkLXeoXxhA==",
      "requires": {
        "extended-buffer": "^4.0.3"
      }
    }
  }
}
