{
  "name": "pw-service-proxy-handlers",
  "version": "0.9.2",
  "lockfileVersion": 1,
  "requires": true,
  "dependencies": {
    "extended-buffer": {
      "version": "4.0.1",
      "resolved": "https://registry.npmjs.org/extended-buffer/-/extended-buffer-4.0.1.tgz",
      "integrity": "sha512-M0gbRJ/5KBHBcEIL0hIwyh0hD8mgyDyMxguc99/d7ES4kDMOAbLs3rI9o37V0W81EyjBdTGVD5h8RkmszjNybA=="
    },
    "lodash": {
      "version": "4.17.10",
      "resolved": "https://registry.npmjs.org/lodash/-/lodash-4.17.10.tgz",
      "integrity": "sha512-UejweD1pDoXu+AD825lWwp4ZGtSwgnpZxb3JDViD7StjQz+Nb/6l093lx4OQ0foGWNRoc19mWy7BzL+UAK2iVg=="
    },
    "pw-buffer": {
      "version": "0.2.1",
      "resolved": "https://registry.npmjs.org/pw-buffer/-/pw-buffer-0.2.1.tgz",
      "integrity": "sha512-P4cESRBggLfpCgtq7KWz80lP3OVGDKcp3psjbbRS6TuQSp3GBkbWcz286O4xuXsu3/keEkQMMvI7QwQnBxuyHg==",
      "requires": {
        "extended-buffer": "^4.0.1"
      }
    }
  }
}
