{
  "name": "pw-service-proxy-handlers",
  "version": "0.5.8",
  "lockfileVersion": 1,
  "requires": true,
  "dependencies": {
    "extended-buffer": {
      "version": "4.0.1",
      "resolved": "https://registry.npmjs.org/extended-buffer/-/extended-buffer-4.0.1.tgz",
      "integrity": "sha512-M0gbRJ/5KBHBcEIL0hIwyh0hD8mgyDyMxguc99/d7ES4kDMOAbLs3rI9o37V0W81EyjBdTGVD5h8RkmszjNybA=="
    },
    "lodash": {
      "version": "4.17.4",
      "resolved": "https://registry.npmjs.org/lodash/-/lodash-4.17.4.tgz",
      "integrity": "sha1-eCA6TRwyiuHYbcpkYONptX9AVa4="
    },
    "pw-buffer": {
      "version": "0.2.0",
      "resolved": "https://registry.npmjs.org/pw-buffer/-/pw-buffer-0.2.0.tgz",
      "integrity": "sha512-974Et7939PuKOJBlKoxaIwkg9ha0OzFMRt9JH8I47geYMG+qF/hQJQGJhH8cyivgwUuv88Bt8eYQmFDz1BPiWg==",
      "requires": {
        "extended-buffer": "4.0.1"
      }
    }
  }
}
